{
  "name": "nextjs-example",
  "lockfileVersion": 3,
  "requires": true,
  "packages": {
    "": {
      "license": "BSD-3-Clause",
      "dependencies": {
        "next": "^12.3.1",
        "prism-react-renderer": "^2.4.0",
        "react": "^18.2.0",
        "react-dom": "^18.2.0",
        "react-intl-universal": "*",
        "react-live": "^4.1.8",
        "use-force-update": "^1.0.10"
      },
      "devDependencies": {
        "@types/node": "18.0.3",
        "@types/prismjs": "^1.26.0",
        "@types/react": "^18.3.12",
        "@types/react-dom": "18.0.6",
        "sass": "^1.55.0",
        "single-line-log": "^1.1.2",
        "typescript": "^6.0.3"
      }
    },
    "node_modules/@formatjs/intl-unified-numberformat": {
      "version": "3.3.7",
      "resolved": "https://registry.anpm.alibaba-inc.com/@formatjs/intl-unified-numberformat/-/intl-unified-numberformat-3.3.7.tgz",
      "integrity": "sha512-KnWgLRHzCAgT9eyt3OS34RHoyD7dPDYhRcuKn+/6Kv2knDF8Im43J6vlSW6Hm1w63fNq3ZIT1cFk7RuVO3Psag==",
      "license": "MIT",
      "dependencies": {
        "@formatjs/intl-utils": "^2.3.0"
      }
    },
    "node_modules/@formatjs/intl-utils": {
      "version": "2.3.0",
      "resolved": "https://registry.anpm.alibaba-inc.com/@formatjs/intl-utils/-/intl-utils-2.3.0.tgz",
      "integrity": "sha512-KWk80UPIzPmUg+P0rKh6TqspRw0G6eux1PuJr+zz47ftMaZ9QDwbGzHZbtzWkl5hgayM/qrKRutllRC7D/vVXQ==",
      "license": "MIT"
    },
    "node_modules/@jridgewell/gen-mapping": {
      "version": "0.3.13",
      "resolved": "https://registry.anpm.alibaba-inc.com/@jridgewell/gen-mapping/-/gen-mapping-0.3.13.tgz",
      "integrity": "sha512-2kkt/7niJ6MgEPxF0bYdQ6etZaA+fQvDcLKckhy1yIQOzaoKjBBjSj63/aLVjYE3qhRt5dvM+uUyfCg6UKCBbA==",
      "dependencies": {
        "@jridgewell/sourcemap-codec": "^1.5.0",
        "@jridgewell/trace-mapping": "^0.3.24"
      }
    },
    "node_modules/@jridgewell/resolve-uri": {
      "version": "3.1.2",
      "resolved": "https://registry.anpm.alibaba-inc.com/@jridgewell/resolve-uri/-/resolve-uri-3.1.2.tgz",
      "integrity": "sha512-bRISgCIjP20/tbWSPWMEi54QVPRZExkuD9lJL+UIxUKtwVJA8wW1Trb1jMs1RFXo1CBTNZ/5hpC9QvmKWdopKw==",
      "engines": {
        "node": ">=6.0.0"
      }
    },
    "node_modules/@jridgewell/sourcemap-codec": {
      "version": "1.5.5",
      "resolved": "https://registry.anpm.alibaba-inc.com/@jridgewell/sourcemap-codec/-/sourcemap-codec-1.5.5.tgz",
      "integrity": "sha512-cYQ9310grqxueWbl+WuIUIaiUaDcj7WOq5fVhEljNVgRfOUhY9fy2zTvfoqWsnebh8Sl70VScFbICvJnLKB0Og=="
    },
    "node_modules/@jridgewell/trace-mapping": {
      "version": "0.3.31",
      "resolved": "https://registry.anpm.alibaba-inc.com/@jridgewell/trace-mapping/-/trace-mapping-0.3.31.tgz",
      "integrity": "sha512-zzNR+SdQSDJzc8joaeP8QQoCQr8NuYx2dIIytl1QeBEZHJ9uW6hebsrYgbz8hJwUQao3TWCMtmfV8Nu1twOLAw==",
      "dependencies": {
        "@jridgewell/resolve-uri": "^3.1.0",
        "@jridgewell/sourcemap-codec": "^1.4.14"
      }
    },
    "node_modules/@next/env": {
      "version": "12.3.4",
      "resolved": "https://registry.anpm.alibaba-inc.com/@next/env/-/env-12.3.4.tgz",
      "integrity": "sha512-H/69Lc5Q02dq3o+dxxy5O/oNxFsZpdL6WREtOOtOM1B/weonIwDXkekr1KV5DPVPr12IHFPrMrcJQ6bgPMfn7A==",
      "license": "MIT"
    },
    "node_modules/@next/swc-android-arm-eabi": {
      "version": "12.3.4",
      "resolved": "https://registry.anpm.alibaba-inc.com/@next/swc-android-arm-eabi/-/swc-android-arm-eabi-12.3.4.tgz",
      "integrity": "sha512-cM42Cw6V4Bz/2+j/xIzO8nK/Q3Ly+VSlZJTa1vHzsocJRYz8KT6MrreXaci2++SIZCF1rVRCDgAg5PpqRibdIA==",
      "cpu": [
        "arm"
      ],
      "optional": true,
      "os": [
        "android"
      ],
      "engines": {
        "node": ">= 10"
      }
    },
    "node_modules/@next/swc-android-arm64": {
      "version": "12.3.4",
      "resolved": "https://registry.anpm.alibaba-inc.com/@next/swc-android-arm64/-/swc-android-arm64-12.3.4.tgz",
      "integrity": "sha512-5jf0dTBjL+rabWjGj3eghpLUxCukRhBcEJgwLedewEA/LJk2HyqCvGIwj5rH+iwmq1llCWbOky2dO3pVljrapg==",
      "cpu": [
        "arm64"
      ],
      "optional": true,
      "os": [
        "android"
      ],
      "engines": {
        "node": ">= 10"
      }
    },
    "node_modules/@next/swc-darwin-arm64": {
      "version": "12.3.4",
      "resolved": "https://registry.anpm.alibaba-inc.com/@next/swc-darwin-arm64/-/swc-darwin-arm64-12.3.4.tgz",
      "integrity": "sha512-DqsSTd3FRjQUR6ao0E1e2OlOcrF5br+uegcEGPVonKYJpcr0MJrtYmPxd4v5T6UCJZ+XzydF7eQo5wdGvSZAyA==",
      "cpu": [
        "arm64"
      ],
      "license": "MIT",
      "optional": true,
      "os": [
        "darwin"
      ],
      "engines": {
        "node": ">= 10"
      }
    },
    "node_modules/@next/swc-darwin-x64": {
      "version": "12.3.4",
      "resolved": "https://registry.anpm.alibaba-inc.com/@next/swc-darwin-x64/-/swc-darwin-x64-12.3.4.tgz",
      "integrity": "sha512-PPF7tbWD4k0dJ2EcUSnOsaOJ5rhT3rlEt/3LhZUGiYNL8KvoqczFrETlUx0cUYaXe11dRA3F80Hpt727QIwByQ==",
      "cpu": [
        "x64"
      ],
      "license": "MIT",
      "optional": true,
      "os": [
        "darwin"
      ],
      "engines": {
        "node": ">= 10"
      }
    },
    "node_modules/@next/swc-freebsd-x64": {
      "version": "12.3.4",
      "resolved": "https://registry.anpm.alibaba-inc.com/@next/swc-freebsd-x64/-/swc-freebsd-x64-12.3.4.tgz",
      "integrity": "sha512-KM9JXRXi/U2PUM928z7l4tnfQ9u8bTco/jb939pdFUHqc28V43Ohd31MmZD1QzEK4aFlMRaIBQOWQZh4D/E5lQ==",
      "cpu": [
        "x64"
      ],
      "optional": true,
      "os": [
        "freebsd"
      ],
      "engines": {
        "node": ">= 10"
      }
    },
    "node_modules/@next/swc-linux-arm-gnueabihf": {
      "version": "12.3.4",
      "resolved": "https://registry.anpm.alibaba-inc.com/@next/swc-linux-arm-gnueabihf/-/swc-linux-arm-gnueabihf-12.3.4.tgz",
      "integrity": "sha512-3zqD3pO+z5CZyxtKDTnOJ2XgFFRUBciOox6EWkoZvJfc9zcidNAQxuwonUeNts6Xbm8Wtm5YGIRC0x+12YH7kw==",
      "cpu": [
        "arm"
      ],
      "optional": true,
      "os": [
        "linux"
      ],
      "engines": {
        "node": ">= 10"
      }
    },
    "node_modules/@next/swc-linux-arm64-gnu": {
      "version": "12.3.4",
      "resolved": "https://registry.anpm.alibaba-inc.com/@next/swc-linux-arm64-gnu/-/swc-linux-arm64-gnu-12.3.4.tgz",
      "integrity": "sha512-kiX0vgJGMZVv+oo1QuObaYulXNvdH/IINmvdZnVzMO/jic/B8EEIGlZ8Bgvw8LCjH3zNVPO3mGrdMvnEEPEhKA==",
      "cpu": [
        "arm64"
      ],
      "optional": true,
      "os": [
        "linux"
      ],
      "engines": {
        "node": ">= 10"
      }
    },
    "node_modules/@next/swc-linux-arm64-musl": {
      "version": "12.3.4",
      "resolved": "https://registry.anpm.alibaba-inc.com/@next/swc-linux-arm64-musl/-/swc-linux-arm64-musl-12.3.4.tgz",
      "integrity": "sha512-EETZPa1juczrKLWk5okoW2hv7D7WvonU+Cf2CgsSoxgsYbUCZ1voOpL4JZTOb6IbKMDo6ja+SbY0vzXZBUMvkQ==",
      "cpu": [
        "arm64"
      ],
      "optional": true,
      "os": [
        "linux"
      ],
      "engines": {
        "node": ">= 10"
      }
    },
    "node_modules/@next/swc-linux-x64-gnu": {
      "version": "12.3.4",
      "resolved": "https://registry.anpm.alibaba-inc.com/@next/swc-linux-x64-gnu/-/swc-linux-x64-gnu-12.3.4.tgz",
      "integrity": "sha512-4csPbRbfZbuWOk3ATyWcvVFdD9/Rsdq5YHKvRuEni68OCLkfy4f+4I9OBpyK1SKJ00Cih16NJbHE+k+ljPPpag==",
      "cpu": [
        "x64"
      ],
      "optional": true,
      "os": [
        "linux"
      ],
      "engines": {
        "node": ">= 10"
      }
    },
    "node_modules/@next/swc-linux-x64-musl": {
      "version": "12.3.4",
      "resolved": "https://registry.anpm.alibaba-inc.com/@next/swc-linux-x64-musl/-/swc-linux-x64-musl-12.3.4.tgz",
      "integrity": "sha512-YeBmI+63Ro75SUiL/QXEVXQ19T++58aI/IINOyhpsRL1LKdyfK/35iilraZEFz9bLQrwy1LYAR5lK200A9Gjbg==",
      "cpu": [
        "x64"
      ],
      "optional": true,
      "os": [
        "linux"
      ],
      "engines": {
        "node": ">= 10"
      }
    },
    "node_modules/@next/swc-win32-arm64-msvc": {
      "version": "12.3.4",
      "resolved": "https://registry.anpm.alibaba-inc.com/@next/swc-win32-arm64-msvc/-/swc-win32-arm64-msvc-12.3.4.tgz",
      "integrity": "sha512-Sd0qFUJv8Tj0PukAYbCCDbmXcMkbIuhnTeHm9m4ZGjCf6kt7E/RMs55Pd3R5ePjOkN7dJEuxYBehawTR/aPDSQ==",
      "cpu": [
        "arm64"
      ],
      "optional": true,
      "os": [
        "win32"
      ],
      "engines": {
        "node": ">= 10"
      }
    },
    "node_modules/@next/swc-win32-ia32-msvc": {
      "version": "12.3.4",
      "resolved": "https://registry.anpm.alibaba-inc.com/@next/swc-win32-ia32-msvc/-/swc-win32-ia32-msvc-12.3.4.tgz",
      "integrity": "sha512-rt/vv/vg/ZGGkrkKcuJ0LyliRdbskQU+91bje+PgoYmxTZf/tYs6IfbmgudBJk6gH3QnjHWbkphDdRQrseRefQ==",
      "cpu": [
        "ia32"
      ],
      "optional": true,
      "os": [
        "win32"
      ],
      "engines": {
        "node": ">= 10"
      }
    },
    "node_modules/@next/swc-win32-x64-msvc": {
      "version": "12.3.4",
      "resolved": "https://registry.anpm.alibaba-inc.com/@next/swc-win32-x64-msvc/-/swc-win32-x64-msvc-12.3.4.tgz",
      "integrity": "sha512-DQ20JEfTBZAgF8QCjYfJhv2/279M6onxFjdG/+5B0Cyj00/EdBxiWb2eGGFgQhrBbNv/lsvzFbbi0Ptf8Vw/bg==",
      "cpu": [
        "x64"
      ],
      "optional": true,
      "os": [
        "win32"
      ],
      "engines": {
        "node": ">= 10"
      }
    },
    "node_modules/@parcel/watcher": {
      "version": "2.5.0",
      "resolved": "https://registry.anpm.alibaba-inc.com/@parcel/watcher/-/watcher-2.5.0.tgz",
      "integrity": "sha512-i0GV1yJnm2n3Yq1qw6QrUrd/LI9bE8WEBOTtOkpCXHHdyN3TAGgqAK/DAT05z4fq2x04cARXt2pDmjWjL92iTQ==",
      "dev": true,
      "hasInstallScript": true,
      "license": "MIT",
      "optional": true,
      "dependencies": {
        "detect-libc": "^1.0.3",
        "is-glob": "^4.0.3",
        "micromatch": "^4.0.5",
        "node-addon-api": "^7.0.0"
      },
      "engines": {
        "node": ">= 10.0.0"
      },
      "funding": {
        "type": "opencollective",
        "url": "https://opencollective.com/parcel"
      },
      "optionalDependencies": {
        "@parcel/watcher-android-arm64": "2.5.0",
        "@parcel/watcher-darwin-arm64": "2.5.0",
        "@parcel/watcher-darwin-x64": "2.5.0",
        "@parcel/watcher-freebsd-x64": "2.5.0",
        "@parcel/watcher-linux-arm-glibc": "2.5.0",
        "@parcel/watcher-linux-arm-musl": "2.5.0",
        "@parcel/watcher-linux-arm64-glibc": "2.5.0",
        "@parcel/watcher-linux-arm64-musl": "2.5.0",
        "@parcel/watcher-linux-x64-glibc": "2.5.0",
        "@parcel/watcher-linux-x64-musl": "2.5.0",
        "@parcel/watcher-win32-arm64": "2.5.0",
        "@parcel/watcher-win32-ia32": "2.5.0",
        "@parcel/watcher-win32-x64": "2.5.0"
      }
    },
    "node_modules/@parcel/watcher-android-arm64": {
      "version": "2.5.0",
      "resolved": "https://registry.anpm.alibaba-inc.com/@parcel/watcher-android-arm64/-/watcher-android-arm64-2.5.0.tgz",
      "integrity": "sha512-qlX4eS28bUcQCdribHkg/herLe+0A9RyYC+mm2PXpncit8z5b3nSqGVzMNR3CmtAOgRutiZ02eIJJgP/b1iEFQ==",
      "cpu": [
        "arm64"
      ],
      "dev": true,
      "optional": true,
      "os": [
        "android"
      ],
      "engines": {
        "node": ">= 10.0.0"
      }
    },
    "node_modules/@parcel/watcher-darwin-arm64": {
      "version": "2.5.0",
      "resolved": "https://registry.anpm.alibaba-inc.com/@parcel/watcher-darwin-arm64/-/watcher-darwin-arm64-2.5.0.tgz",
      "integrity": "sha512-hyZ3TANnzGfLpRA2s/4U1kbw2ZI4qGxaRJbBH2DCSREFfubMswheh8TeiC1sGZ3z2jUf3s37P0BBlrD3sjVTUw==",
      "cpu": [
        "arm64"
      ],
      "dev": true,
      "license": "MIT",
      "optional": true,
      "os": [
        "darwin"
      ],
      "engines": {
        "node": ">= 10.0.0"
      },
      "funding": {
        "type": "opencollective",
        "url": "https://opencollective.com/parcel"
      }
    },
    "node_modules/@parcel/watcher-darwin-x64": {
      "version": "2.5.0",
      "resolved": "https://registry.anpm.alibaba-inc.com/@parcel/watcher-darwin-x64/-/watcher-darwin-x64-2.5.0.tgz",
      "integrity": "sha512-9rhlwd78saKf18fT869/poydQK8YqlU26TMiNg7AIu7eBp9adqbJZqmdFOsbZ5cnLp5XvRo9wcFmNHgHdWaGYA==",
      "cpu": [
        "x64"
      ],
      "dev": true,
      "license": "MIT",
      "optional": true,
      "os": [
        "darwin"
      ],
      "engines": {
        "node": ">= 10.0.0"
      },
      "funding": {
        "type": "opencollective",
        "url": "https://opencollective.com/parcel"
      }
    },
    "node_modules/@parcel/watcher-freebsd-x64": {
      "version": "2.5.0",
      "resolved": "https://registry.anpm.alibaba-inc.com/@parcel/watcher-freebsd-x64/-/watcher-freebsd-x64-2.5.0.tgz",
      "integrity": "sha512-syvfhZzyM8kErg3VF0xpV8dixJ+RzbUaaGaeb7uDuz0D3FK97/mZ5AJQ3XNnDsXX7KkFNtyQyFrXZzQIcN49Tw==",
      "cpu": [
        "x64"
      ],
      "dev": true,
      "optional": true,
      "os": [
        "freebsd"
      ],
      "engines": {
        "node": ">= 10.0.0"
      }
    },
    "node_modules/@parcel/watcher-linux-arm-glibc": {
      "version": "2.5.0",
      "resolved": "https://registry.anpm.alibaba-inc.com/@parcel/watcher-linux-arm-glibc/-/watcher-linux-arm-glibc-2.5.0.tgz",
      "integrity": "sha512-0VQY1K35DQET3dVYWpOaPFecqOT9dbuCfzjxoQyif1Wc574t3kOSkKevULddcR9znz1TcklCE7Ht6NIxjvTqLA==",
      "cpu": [
        "arm"
      ],
      "dev": true,
      "optional": true,
      "os": [
        "linux"
      ],
      "engines": {
        "node": ">= 10.0.0"
      }
    },
    "node_modules/@parcel/watcher-linux-arm-musl": {
      "version": "2.5.0",
      "resolved": "https://registry.anpm.alibaba-inc.com/@parcel/watcher-linux-arm-musl/-/watcher-linux-arm-musl-2.5.0.tgz",
      "integrity": "sha512-6uHywSIzz8+vi2lAzFeltnYbdHsDm3iIB57d4g5oaB9vKwjb6N6dRIgZMujw4nm5r6v9/BQH0noq6DzHrqr2pA==",
      "cpu": [
        "arm"
      ],
      "dev": true,
      "optional": true,
      "os": [
        "linux"
      ],
      "engines": {
        "node": ">= 10.0.0"
      }
    },
    "node_modules/@parcel/watcher-linux-arm64-glibc": {
      "version": "2.5.0",
      "resolved": "https://registry.anpm.alibaba-inc.com/@parcel/watcher-linux-arm64-glibc/-/watcher-linux-arm64-glibc-2.5.0.tgz",
      "integrity": "sha512-BfNjXwZKxBy4WibDb/LDCriWSKLz+jJRL3cM/DllnHH5QUyoiUNEp3GmL80ZqxeumoADfCCP19+qiYiC8gUBjA==",
      "cpu": [
        "arm64"
      ],
      "dev": true,
      "optional": true,
      "os": [
        "linux"
      ],
      "engines": {
        "node": ">= 10.0.0"
      }
    },
    "node_modules/@parcel/watcher-linux-arm64-musl": {
      "version": "2.5.0",
      "resolved": "https://registry.anpm.alibaba-inc.com/@parcel/watcher-linux-arm64-musl/-/watcher-linux-arm64-musl-2.5.0.tgz",
      "integrity": "sha512-S1qARKOphxfiBEkwLUbHjCY9BWPdWnW9j7f7Hb2jPplu8UZ3nes7zpPOW9bkLbHRvWM0WDTsjdOTUgW0xLBN1Q==",
      "cpu": [
        "arm64"
      ],
      "dev": true,
      "optional": true,
      "os": [
        "linux"
      ],
      "engines": {
        "node": ">= 10.0.0"
      }
    },
    "node_modules/@parcel/watcher-linux-x64-glibc": {
      "version": "2.5.0",
      "resolved": "https://registry.anpm.alibaba-inc.com/@parcel/watcher-linux-x64-glibc/-/watcher-linux-x64-glibc-2.5.0.tgz",
      "integrity": "sha512-d9AOkusyXARkFD66S6zlGXyzx5RvY+chTP9Jp0ypSTC9d4lzyRs9ovGf/80VCxjKddcUvnsGwCHWuF2EoPgWjw==",
      "cpu": [
        "x64"
      ],
      "dev": true,
      "optional": true,
      "os": [
        "linux"
      ],
      "engines": {
        "node": ">= 10.0.0"
      }
    },
    "node_modules/@parcel/watcher-linux-x64-musl": {
      "version": "2.5.0",
      "resolved": "https://registry.anpm.alibaba-inc.com/@parcel/watcher-linux-x64-musl/-/watcher-linux-x64-musl-2.5.0.tgz",
      "integrity": "sha512-iqOC+GoTDoFyk/VYSFHwjHhYrk8bljW6zOhPuhi5t9ulqiYq1togGJB5e3PwYVFFfeVgc6pbz3JdQyDoBszVaA==",
      "cpu": [
        "x64"
      ],
      "dev": true,
      "optional": true,
      "os": [
        "linux"
      ],
      "engines": {
        "node": ">= 10.0.0"
      }
    },
    "node_modules/@parcel/watcher-win32-arm64": {
      "version": "2.5.0",
      "resolved": "https://registry.anpm.alibaba-inc.com/@parcel/watcher-win32-arm64/-/watcher-win32-arm64-2.5.0.tgz",
      "integrity": "sha512-twtft1d+JRNkM5YbmexfcH/N4znDtjgysFaV9zvZmmJezQsKpkfLYJ+JFV3uygugK6AtIM2oADPkB2AdhBrNig==",
      "cpu": [
        "arm64"
      ],
      "dev": true,
      "optional": true,
      "os": [
        "win32"
      ],
      "engines": {
        "node": ">= 10.0.0"
      }
    },
    "node_modules/@parcel/watcher-win32-ia32": {
      "version": "2.5.0",
      "resolved": "https://registry.anpm.alibaba-inc.com/@parcel/watcher-win32-ia32/-/watcher-win32-ia32-2.5.0.tgz",
      "integrity": "sha512-+rgpsNRKwo8A53elqbbHXdOMtY/tAtTzManTWShB5Kk54N8Q9mzNWV7tV+IbGueCbcj826MfWGU3mprWtuf1TA==",
      "cpu": [
        "ia32"
      ],
      "dev": true,
      "optional": true,
      "os": [
        "win32"
      ],
      "engines": {
        "node": ">= 10.0.0"
      }
    },
    "node_modules/@parcel/watcher-win32-x64": {
      "version": "2.5.0",
      "resolved": "https://registry.anpm.alibaba-inc.com/@parcel/watcher-win32-x64/-/watcher-win32-x64-2.5.0.tgz",
      "integrity": "sha512-lPrxve92zEHdgeff3aiu4gDOIt4u7sJYha6wbdEZDCDUhtjTsOMiaJzG5lMY4GkWH8p0fMmO2Ppq5G5XXG+DQw==",
      "cpu": [
        "x64"
      ],
      "dev": true,
      "optional": true,
      "os": [
        "win32"
      ],
      "engines": {
        "node": ">= 10.0.0"
      }
    },
    "node_modules/@swc/helpers": {
      "version": "0.4.11",
      "resolved": "https://registry.anpm.alibaba-inc.com/@swc/helpers/-/helpers-0.4.11.tgz",
      "integrity": "sha512-rEUrBSGIoSFuYxwBYtlUFMlE2CwGhmW+w9355/5oduSw8e5h2+Tj4UrAGNNgP9915++wj5vkQo0UuOBqOAq4nw==",
      "license": "MIT",
      "dependencies": {
        "tslib": "^2.4.0"
      }
    },
    "node_modules/@types/node": {
      "version": "18.0.3",
      "resolved": "https://registry.anpm.alibaba-inc.com/@types/node/-/node-18.0.3.tgz",
      "integrity": "sha512-HzNRZtp4eepNitP+BD6k2L6DROIDG4Q0fm4x+dwfsr6LGmROENnok75VGw40628xf+iR24WeMFcHuuBDUAzzsQ==",
      "dev": true,
      "license": "MIT"
    },
    "node_modules/@types/prismjs": {
      "version": "1.26.5",
      "resolved": "https://registry.anpm.alibaba-inc.com/@types/prismjs/-/prismjs-1.26.5.tgz",
      "integrity": "sha512-AUZTa7hQ2KY5L7AmtSiqxlhWxb4ina0yd8hNbl4TWuqnv/pFP0nDMb3YrfSBf4hJVGLh2YEIBfKaBW/9UEl6IQ==",
      "license": "MIT"
    },
    "node_modules/@types/prop-types": {
      "version": "15.7.13",
      "resolved": "https://registry.anpm.alibaba-inc.com/@types/prop-types/-/prop-types-15.7.13.tgz",
      "integrity": "sha512-hCZTSvwbzWGvhqxp/RqVqwU999pBf2vp7hzIjiYOsl8wqOmUxkQ6ddw1cV3l8811+kdUFus/q4d1Y3E3SyEifA==",
      "dev": true,
      "license": "MIT"
    },
    "node_modules/@types/react": {
      "version": "18.3.31",
      "resolved": "https://registry.anpm.alibaba-inc.com/@types/react/-/react-18.3.31.tgz",
      "integrity": "sha512-vfEqpXTvwT91yhmwdfouStN2hSKwTvyRs8qpLfADyrq/kxDw0hZM7Wk9Ug1FELj8hIby+S/+kQCSRFF32nv2Qw==",
      "dev": true,
      "license": "MIT",
      "dependencies": {
        "@types/prop-types": "*",
        "csstype": "^3.2.2"
      }
    },
    "node_modules/@types/react-dom": {
      "version": "18.0.6",
      "resolved": "https://registry.anpm.alibaba-inc.com/@types/react-dom/-/react-dom-18.0.6.tgz",
      "integrity": "sha512-/5OFZgfIPSwy+YuIBP/FgJnQnsxhZhjjrnxudMddeblOouIodEQ75X14Rr4wGSG/bknL+Omy9iWlLo1u/9GzAA==",
      "dev": true,
      "license": "MIT",
      "dependencies": {
        "@types/react": "*"
      }
    },
    "node_modules/ansi-regex": {
      "version": "2.1.1",
      "resolved": "https://registry.anpm.alibaba-inc.com/ansi-regex/-/ansi-regex-2.1.1.tgz",
      "integrity": "sha512-TIGnTpdo+E3+pCyAluZvtED5p5wCqLdezCyhPZzKPcxvFplEt4i+W7OONCKgeZFT3+y5NZZfOOS/Bdcanm1MYA==",
      "dev": true,
      "license": "MIT",
      "engines": {
        "node": ">=0.10.0"
      }
    },
    "node_modules/any-promise": {
      "version": "1.3.0",
      "resolved": "https://registry.anpm.alibaba-inc.com/any-promise/-/any-promise-1.3.0.tgz",
      "integrity": "sha512-7UvmKalWRt1wgjL1RrGxoSJW/0QZFIegpeGvZG9kjp8vrRu55XTHbwnqq2GpXm9uLbcuhxm3IqX9OB4MZR1b2A=="
    },
    "node_modules/braces": {
      "version": "3.0.3",
      "resolved": "https://registry.anpm.alibaba-inc.com/braces/-/braces-3.0.3.tgz",
      "integrity": "sha512-yQbXgO/OSZVD2IsiLlro+7Hf6Q18EJrKSEsdoMzKePKXct3gvD8oLcOQdIzGupr5Fj+EDe8gO/lxc1BzfMpxvA==",
      "dev": true,
      "license": "MIT",
      "optional": true,
      "dependencies": {
        "fill-range": "^7.1.1"
      },
      "engines": {
        "node": ">=8"
      }
    },
    "node_modules/caniuse-lite": {
      "version": "1.0.30001680",
      "resolved": "https://registry.anpm.alibaba-inc.com/caniuse-lite/-/caniuse-lite-1.0.30001680.tgz",
      "integrity": "sha512-rPQy70G6AGUMnbwS1z6Xg+RkHYPAi18ihs47GH0jcxIG7wArmPgY3XbS2sRdBbxJljp3thdT8BIqv9ccCypiPA==",
      "funding": [
        {
          "type": "opencollective",
          "url": "https://opencollective.com/browserslist"
        },
        {
          "type": "tidelift",
          "url": "https://tidelift.com/funding/github/npm/caniuse-lite"
        },
        {
          "type": "github",
          "url": "https://github.com/sponsors/ai"
        }
      ],
      "license": "CC-BY-4.0"
    },
    "node_modules/chokidar": {
      "version": "4.0.1",
      "resolved": "https://registry.anpm.alibaba-inc.com/chokidar/-/chokidar-4.0.1.tgz",
      "integrity": "sha512-n8enUVCED/KVRQlab1hr3MVpcVMvxtZjmEa956u+4YijlmQED223XMSYj2tLuKvr4jcCTzNNMpQDUer72MMmzA==",
      "devOptional": true,
      "license": "MIT",
      "dependencies": {
        "readdirp": "^4.0.1"
      },
      "engines": {
        "node": ">= 14.16.0"
      },
      "funding": {
        "url": "https://paulmillr.com/funding/"
      }
    },
    "node_modules/clsx": {
      "version": "2.1.1",
      "resolved": "https://registry.anpm.alibaba-inc.com/clsx/-/clsx-2.1.1.tgz",
      "integrity": "sha512-eYm0QWBtUrBWZWG0d386OGAw16Z995PiOVo2B7bjWSbHedGl5e0ZWaq65kOGgUSNesEIDkB9ISbTg/JK9dhCZA==",
      "engines": {
        "node": ">=6"
      }
    },
    "node_modules/code-point-at": {
      "version": "1.1.0",
      "resolved": "https://registry.anpm.alibaba-inc.com/code-point-at/-/code-point-at-1.1.0.tgz",
      "integrity": "sha512-RpAVKQA5T63xEj6/giIbUEtZwJ4UFIc3ZtvEkiaUERylqe8xb5IvqcgOurZLahv93CLKfxcw5YI+DZcUBRyLXA==",
      "dev": true,
      "license": "MIT",
      "engines": {
        "node": ">=0.10.0"
      }
    },
    "node_modules/commander": {
      "version": "4.1.1",
      "resolved": "https://registry.anpm.alibaba-inc.com/commander/-/commander-4.1.1.tgz",
      "integrity": "sha512-NOKm8xhkzAjzFx8B2v5OAHT+u5pRQc2UCa2Vq9jYL/31o2wi9mxBA7LIFs3sV5VSC49z6pEhfbMULvShKj26WA==",
      "engines": {
        "node": ">= 6"
      }
    },
    "node_modules/csstype": {
      "version": "3.2.3",
      "resolved": "https://registry.anpm.alibaba-inc.com/csstype/-/csstype-3.2.3.tgz",
      "integrity": "sha512-z1HGKcYy2xA8AGQfwrn0PAy+PB7X/GSj3UVJW9qKyn43xWa+gl5nXmU4qqLMRzWVLFC8KusUX8T/0kCiOYpAIQ==",
      "dev": true,
      "license": "MIT"
    },
    "node_modules/detect-libc": {
      "version": "1.0.3",
      "resolved": "https://registry.anpm.alibaba-inc.com/detect-libc/-/detect-libc-1.0.3.tgz",
      "integrity": "sha512-pGjwhsmsp4kL2RTz08wcOlGN83otlqHeD/Z5T8GXZB+/YcpQ/dgo+lbU8ZsGxV0HIvqqxo9l7mqYwyYMD9bKDg==",
      "dev": true,
      "license": "Apache-2.0",
      "optional": true,
      "bin": {
        "detect-libc": "bin/detect-libc.js"
      },
      "engines": {
        "node": ">=0.10"
      }
    },
    "node_modules/escape-html": {
      "version": "1.0.3",
      "resolved": "https://registry.anpm.alibaba-inc.com/escape-html/-/escape-html-1.0.3.tgz",
      "integrity": "sha512-NiSupZ4OeuGwr68lGIeym/ksIZMJodUGOSCZ/FSnTxcrekbvqrgdUxlJOMpijaKZVjAJrWrGs/6Jy8OMuyj9ow==",
      "license": "MIT"
    },
    "node_modules/fill-range": {
      "version": "7.1.1",
      "resolved": "https://registry.anpm.alibaba-inc.com/fill-range/-/fill-range-7.1.1.tgz",
      "integrity": "sha512-YsGpe3WHLK8ZYi4tWDg2Jy3ebRz2rXowDxnld4bkQB00cc/1Zw9AWnC0i9ztDJitivtQvaI9KaLyKrc+hBW0yg==",
      "dev": true,
      "license": "MIT",
      "optional": true,
      "dependencies": {
        "to-regex-range": "^5.0.1"
      },
      "engines": {
        "node": ">=8"
      }
    },
    "node_modules/immutable": {
      "version": "5.0.2",
      "resolved": "https://registry.anpm.alibaba-inc.com/immutable/-/immutable-5.0.2.tgz",
      "integrity": "sha512-1NU7hWZDkV7hJ4PJ9dur9gTNQ4ePNPN4k9/0YhwjzykTi/+3Q5pF93YU5QoVj8BuOnhLgaY8gs0U2pj4kSYVcw==",
      "devOptional": true,
      "license": "MIT"
    },
    "node_modules/intl-format-cache": {
      "version": "4.3.1",
      "resolved": "https://registry.anpm.alibaba-inc.com/intl-format-cache/-/intl-format-cache-4.3.1.tgz",
      "integrity": "sha512-OEUYNA7D06agqPOYhbTkl0T8HA3QKSuwWh1HiClEnpd9vw7N+3XsQt5iZ0GUEchp5CW1fQk/tary+NsbF3yQ1Q==",
      "license": "BSD-3-Clause"
    },
    "node_modules/intl-messageformat": {
      "version": "7.8.4",
      "resolved": "https://registry.anpm.alibaba-inc.com/intl-messageformat/-/intl-messageformat-7.8.4.tgz",
      "integrity": "sha512-yS0cLESCKCYjseCOGXuV4pxJm/buTfyCJ1nzQjryHmSehlptbZbn9fnlk1I9peLopZGGbjj46yHHiTAEZ1qOTA==",
      "license": "BSD-3-Clause",
      "dependencies": {
        "intl-format-cache": "^4.2.21",
        "intl-messageformat-parser": "^3.6.4"
      }
    },
    "node_modules/intl-messageformat-parser": {
      "version": "3.6.4",
      "resolved": "https://registry.anpm.alibaba-inc.com/intl-messageformat-parser/-/intl-messageformat-parser-3.6.4.tgz",
      "integrity": "sha512-RgPGwue0mJtoX2Ax8EmMzJzttxjnva7gx0Q7mKJ4oALrTZvtmCeAw5Msz2PcjW4dtCh/h7vN/8GJCxZO1uv+OA==",
      "license": "BSD-3-Clause",
      "dependencies": {
        "@formatjs/intl-unified-numberformat": "^3.2.0"
      }
    },
    "node_modules/invariant": {
      "version": "2.2.4",
      "resolved": "https://registry.anpm.alibaba-inc.com/invariant/-/invariant-2.2.4.tgz",
      "integrity": "sha512-phJfQVBuaJM5raOpJjSfkiD6BpbCE4Ns//LaXl6wGYtUBY83nWS6Rf9tXm2e8VaK60JEjYldbPif/A2B1C2gNA==",
      "license": "MIT",
      "dependencies": {
        "loose-envify": "^1.0.0"
      }
    },
    "node_modules/is-extglob": {
      "version": "2.1.1",
      "resolved": "https://registry.anpm.alibaba-inc.com/is-extglob/-/is-extglob-2.1.1.tgz",
      "integrity": "sha512-SbKbANkN603Vi4jEZv49LeVJMn4yGwsbzZworEoyEiutsN3nJYdbO36zfhGJ6QEDpOZIFkDtnq5JRxmvl3jsoQ==",
      "dev": true,
      "license": "MIT",
      "optional": true,
      "engines": {
        "node": ">=0.10.0"
      }
    },
    "node_modules/is-fullwidth-code-point": {
      "version": "1.0.0",
      "resolved": "https://registry.anpm.alibaba-inc.com/is-fullwidth-code-point/-/is-fullwidth-code-point-1.0.0.tgz",
      "integrity": "sha512-1pqUqRjkhPJ9miNq9SwMfdvi6lBJcd6eFxvfaivQhaH3SgisfiuudvFntdKOmxuee/77l+FPjKrQjWvmPjWrRw==",
      "dev": true,
      "license": "MIT",
      "dependencies": {
        "number-is-nan": "^1.0.0"
      },
      "engines": {
        "node": ">=0.10.0"
      }
    },
    "node_modules/is-glob": {
      "version": "4.0.3",
      "resolved": "https://registry.anpm.alibaba-inc.com/is-glob/-/is-glob-4.0.3.tgz",
      "integrity": "sha512-xelSayHH36ZgE7ZWhli7pW34hNbNl8Ojv5KVmkJD4hBdD3th8Tfk9vYasLM+mXWOZhFkgZfxhLSnrwRr4elSSg==",
      "dev": true,
      "license": "MIT",
      "optional": true,
      "dependencies": {
        "is-extglob": "^2.1.1"
      },
      "engines": {
        "node": ">=0.10.0"
      }
    },
    "node_modules/is-number": {
      "version": "7.0.0",
      "resolved": "https://registry.anpm.alibaba-inc.com/is-number/-/is-number-7.0.0.tgz",
      "integrity": "sha512-41Cifkg6e8TylSpdtTpeLVMqvSBEVzTttHvERD741+pnZ8ANv0004MRL43QKPDlK9cGvNp6NZWZUBlbGXYxxng==",
      "dev": true,
      "license": "MIT",
      "optional": true,
      "engines": {
        "node": ">=0.12.0"
      }
    },
    "node_modules/js-tokens": {
      "version": "4.0.0",
      "resolved": "https://registry.anpm.alibaba-inc.com/js-tokens/-/js-tokens-4.0.0.tgz",
      "integrity": "sha512-RdJUflcE3cUzKiMqQgsCu06FPu9UdIJO0beYbPhHN4k6apgJtifcoCtT9bcxOpYBtpD2kCM6Sbzg4CausW/PKQ==",
      "license": "MIT"
    },
    "node_modules/lines-and-columns": {
      "version": "1.2.4",
      "resolved": "https://registry.anpm.alibaba-inc.com/lines-and-columns/-/lines-and-columns-1.2.4.tgz",
      "integrity": "sha512-7ylylesZQ/PV29jhEDl3Ufjo6ZX7gCqJr5F7PKrqc93v7fzSymt1BpwEU8nAUXs8qzzvqhbjhK5QZg6Mt/HkBg=="
    },
    "node_modules/lodash.merge": {
      "version": "4.6.2",
      "resolved": "https://registry.anpm.alibaba-inc.com/lodash.merge/-/lodash.merge-4.6.2.tgz",
      "integrity": "sha512-0KpjqXRVvrYyCsX1swR/XTK0va6VQkQM6MNo7PqW77ByjAhoARA8EfrP1N4+KlKj8YS0ZUCtRT/YUuhyYDujIQ==",
      "license": "MIT"
    },
    "node_modules/loose-envify": {
      "version": "1.4.0",
      "resolved": "https://registry.anpm.alibaba-inc.com/loose-envify/-/loose-envify-1.4.0.tgz",
      "integrity": "sha512-lyuxPGr/Wfhrlem2CL/UcnUc1zcqKAImBDzukY7Y5F/yQiNdko6+fRLevlw1HgMySw7f611UIY408EtxRSoK3Q==",
      "license": "MIT",
      "dependencies": {
        "js-tokens": "^3.0.0 || ^4.0.0"
      },
      "bin": {
        "loose-envify": "cli.js"
      }
    },
    "node_modules/micromatch": {
      "version": "4.0.8",
      "resolved": "https://registry.anpm.alibaba-inc.com/micromatch/-/micromatch-4.0.8.tgz",
      "integrity": "sha512-PXwfBhYu0hBCPw8Dn0E+WDYb7af3dSLVWKi3HGv84IdF4TyFoC0ysxFd0Goxw7nSv4T/PzEJQxsYsEiFCKo2BA==",
      "dev": true,
      "license": "MIT",
      "optional": true,
      "dependencies": {
        "braces": "^3.0.3",
        "picomatch": "^2.3.1"
      },
      "engines": {
        "node": ">=8.6"
      }
    },
    "node_modules/mz": {
      "version": "2.7.0",
      "resolved": "https://registry.anpm.alibaba-inc.com/mz/-/mz-2.7.0.tgz",
      "integrity": "sha512-z81GNO7nnYMEhrGh9LeymoE4+Yr0Wn5McHIZMK5cfQCl+NDX08sCZgUc9/6MHni9IWuFLm1Z3HTCXu2z9fN62Q==",
      "dependencies": {
        "any-promise": "^1.0.0",
        "object-assign": "^4.0.1",
        "thenify-all": "^1.0.0"
      }
    },
    "node_modules/nanoid": {
      "version": "3.3.7",
      "resolved": "https://registry.anpm.alibaba-inc.com/nanoid/-/nanoid-3.3.7.tgz",
      "integrity": "sha512-eSRppjcPIatRIMC1U6UngP8XFcz8MQWGQdt1MTBQ7NaAmvXDfvNxbvWV3x2y6CdEUciCSsDHDQZbhYaB8QEo2g==",
      "funding": [
        {
          "type": "github",
          "url": "https://github.com/sponsors/ai"
        }
      ],
      "license": "MIT",
      "bin": {
        "nanoid": "bin/nanoid.cjs"
      },
      "engines": {
        "node": "^10 || ^12 || ^13.7 || ^14 || >=15.0.1"
      }
    },
    "node_modules/next": {
      "version": "12.3.4",
      "resolved": "https://registry.anpm.alibaba-inc.com/next/-/next-12.3.4.tgz",
      "integrity": "sha512-VcyMJUtLZBGzLKo3oMxrEF0stxh8HwuW976pAzlHhI3t8qJ4SROjCrSh1T24bhrbjw55wfZXAbXPGwPt5FLRfQ==",
      "license": "MIT",
      "dependencies": {
        "@next/env": "12.3.4",
        "@swc/helpers": "0.4.11",
        "caniuse-lite": "^1.0.30001406",
        "postcss": "8.4.14",
        "styled-jsx": "5.0.7",
        "use-sync-external-store": "1.2.0"
      },
      "bin": {
        "next": "dist/bin/next"
      },
      "engines": {
        "node": ">=12.22.0"
      },
      "optionalDependencies": {
        "@next/swc-android-arm-eabi": "12.3.4",
        "@next/swc-android-arm64": "12.3.4",
        "@next/swc-darwin-arm64": "12.3.4",
        "@next/swc-darwin-x64": "12.3.4",
        "@next/swc-freebsd-x64": "12.3.4",
        "@next/swc-linux-arm-gnueabihf": "12.3.4",
        "@next/swc-linux-arm64-gnu": "12.3.4",
        "@next/swc-linux-arm64-musl": "12.3.4",
        "@next/swc-linux-x64-gnu": "12.3.4",
        "@next/swc-linux-x64-musl": "12.3.4",
        "@next/swc-win32-arm64-msvc": "12.3.4",
        "@next/swc-win32-ia32-msvc": "12.3.4",
        "@next/swc-win32-x64-msvc": "12.3.4"
      },
      "peerDependencies": {
        "fibers": ">= 3.1.0",
        "node-sass": "^6.0.0 || ^7.0.0",
        "react": "^17.0.2 || ^18.0.0-0",
        "react-dom": "^17.0.2 || ^18.0.0-0",
        "sass": "^1.3.0"
      },
      "peerDependenciesMeta": {
        "fibers": {
          "optional": true
        },
        "node-sass": {
          "optional": true
        },
        "sass": {
          "optional": true
        }
      }
    },
    "node_modules/node-addon-api": {
      "version": "7.1.1",
      "resolved": "https://registry.anpm.alibaba-inc.com/node-addon-api/-/node-addon-api-7.1.1.tgz",
      "integrity": "sha512-5m3bsyrjFWE1xf7nz7YXdN4udnVtXK6/Yfgn5qnahL6bCkf2yKt4k3nuTKAtT4r3IG8JNR2ncsIMdZuAzJjHQQ==",
      "dev": true,
      "license": "MIT",
      "optional": true
    },
    "node_modules/number-is-nan": {
      "version": "1.0.1",
      "resolved": "https://registry.anpm.alibaba-inc.com/number-is-nan/-/number-is-nan-1.0.1.tgz",
      "integrity": "sha512-4jbtZXNAsfZbAHiiqjLPBiCl16dES1zI4Hpzzxw61Tk+loF+sBDBKx1ICKKKwIqQ7M0mFn1TmkN7euSncWgHiQ==",
      "dev": true,
      "license": "MIT",
      "engines": {
        "node": ">=0.10.0"
      }
    },
    "node_modules/object-assign": {
      "version": "4.1.1",
      "resolved": "https://registry.anpm.alibaba-inc.com/object-assign/-/object-assign-4.1.1.tgz",
      "integrity": "sha512-rJgTQnkUnH1sFw8yT6VSU3zD3sWmu6sZhIseY8VX+GRu3P6F7Fu+JNDoXfklElbLJSnc3FUQHVe4cU5hj+BcUg==",
      "engines": {
        "node": ">=0.10.0"
      }
    },
    "node_modules/picocolors": {
      "version": "1.1.1",
      "resolved": "https://registry.anpm.alibaba-inc.com/picocolors/-/picocolors-1.1.1.tgz",
      "integrity": "sha512-xceH2snhtb5M9liqDsmEw56le376mTZkEX/jEb/RxNFyegNul7eNslCXP9FDj/Lcu0X8KEyMceP2ntpaHrDEVA==",
      "license": "ISC"
    },
    "node_modules/picomatch": {
      "version": "2.3.1",
      "resolved": "https://registry.anpm.alibaba-inc.com/picomatch/-/picomatch-2.3.1.tgz",
      "integrity": "sha512-JU3teHTNjmE2VCGFzuY8EXzCDVwEqB2a8fsIvwaStHhAWJEeVd1o1QD80CU6+ZdEXXSLbSsuLwJjkCBWqRQUVA==",
      "dev": true,
      "license": "MIT",
      "optional": true,
      "engines": {
        "node": ">=8.6"
      },
      "funding": {
        "url": "https://github.com/sponsors/jonschlinkert"
      }
    },
    "node_modules/pirates": {
      "version": "4.0.7",
      "resolved": "https://registry.anpm.alibaba-inc.com/pirates/-/pirates-4.0.7.tgz",
      "integrity": "sha512-TfySrs/5nm8fQJDcBDuUng3VOUKsd7S+zqvbOTiGXHfxX4wK31ard+hoNuvkicM/2YFzlpDgABOevKSsB4G/FA==",
      "engines": {
        "node": ">= 6"
      }
    },
    "node_modules/postcss": {
      "version": "8.4.14",
      "resolved": "https://registry.anpm.alibaba-inc.com/postcss/-/postcss-8.4.14.tgz",
      "integrity": "sha512-E398TUmfAYFPBSdzgeieK2Y1+1cpdxJx8yXbK/m57nRhKSmk1GB2tO4lbLBtlkfPQTDKfe4Xqv1ASWPpayPEig==",
      "funding": [
        {
          "type": "opencollective",
          "url": "https://opencollective.com/postcss/"
        },
        {
          "type": "tidelift",
          "url": "https://tidelift.com/funding/github/npm/postcss"
        }
      ],
      "license": "MIT",
      "dependencies": {
        "nanoid": "^3.3.4",
        "picocolors": "^1.0.0",
        "source-map-js": "^1.0.2"
      },
      "engines": {
        "node": "^10 || ^12 || >=14"
      }
    },
    "node_modules/prism-react-renderer": {
      "version": "2.4.1",
      "resolved": "https://registry.anpm.alibaba-inc.com/prism-react-renderer/-/prism-react-renderer-2.4.1.tgz",
      "integrity": "sha512-ey8Ls/+Di31eqzUxC46h8MksNuGx/n0AAC8uKpwFau4RPDYLuE3EXTp8N8G2vX2N7UC/+IXeNUnlWBGGcAG+Ig==",
      "dependencies": {
        "@types/prismjs": "^1.26.0",
        "clsx": "^2.0.0"
      },
      "peerDependencies": {
        "react": ">=16.0.0"
      }
    },
    "node_modules/react": {
      "version": "18.3.1",
      "resolved": "https://registry.anpm.alibaba-inc.com/react/-/react-18.3.1.tgz",
      "integrity": "sha512-wS+hAgJShR0KhEvPJArfuPVN1+Hz1t0Y6n5jLrGQbkb4urgPE/0Rve+1kMB1v/oWgHgm4WIcV+i7F2pTVj+2iQ==",
      "license": "MIT",
      "dependencies": {
        "loose-envify": "^1.1.0"
      },
      "engines": {
        "node": ">=0.10.0"
      }
    },
    "node_modules/react-dom": {
      "version": "18.3.1",
      "resolved": "https://registry.anpm.alibaba-inc.com/react-dom/-/react-dom-18.3.1.tgz",
      "integrity": "sha512-5m4nQKp+rZRb09LNH59GM4BxTh9251/ylbKIbpe7TpGxfJ+9kv6BLkLBXIjjspbgbnIBNqlI23tRnTWT0snUIw==",
      "license": "MIT",
      "dependencies": {
        "loose-envify": "^1.1.0",
        "scheduler": "^0.23.2"
      },
      "peerDependencies": {
        "react": "^18.3.1"
      }
    },
    "node_modules/react-intl-universal": {
      "version": "2.11.4",
      "resolved": "https://registry.anpm.alibaba-inc.com/react-intl-universal/-/react-intl-universal-2.11.4.tgz",
      "integrity": "sha512-bLeLE80+nKgj8f3y5RbFSAQLzQECjfwhaGCGXF30JejDIDAe+Sqnt9nt1aNTTh1LJ1lRy7jwn3nOnleGw6Icmg==",
      "hasInstallScript": true,
      "license": "BSD-3-Clause",
      "dependencies": {
        "escape-html": "^1.0.3",
        "intl-messageformat": "^7.8.4",
        "invariant": "^2.2.4",
        "lodash.merge": "^4.6.2"
      },
      "peerDependencies": {
        "react": "*"
      }
    },
    "node_modules/react-live": {
      "version": "4.1.8",
      "resolved": "https://registry.anpm.alibaba-inc.com/react-live/-/react-live-4.1.8.tgz",
      "integrity": "sha512-B2SgNqwPuS2ekqj4lcxi5TibEcjWkdVyYykBEUBshPAPDQ527x2zPEZg560n8egNtAjUpwXFQm7pcXV65aAYmg==",
      "dependencies": {
        "prism-react-renderer": "^2.4.0",
        "sucrase": "^3.35.0",
        "use-editable": "^2.3.3"
      },
      "engines": {
        "node": ">= 0.12.0",
        "npm": ">= 2.0.0"
      },
      "peerDependencies": {
        "react": ">=18.0.0",
        "react-dom": ">=18.0.0"
      }
    },
    "node_modules/readdirp": {
      "version": "4.0.2",
      "resolved": "https://registry.anpm.alibaba-inc.com/readdirp/-/readdirp-4.0.2.tgz",
      "integrity": "sha512-yDMz9g+VaZkqBYS/ozoBJwaBhTbZo3UNYQHNRw1D3UFQB8oHB4uS/tAODO+ZLjGWmUbKnIlOWO+aaIiAxrUWHA==",
      "devOptional": true,
      "license": "MIT",
      "engines": {
        "node": ">= 14.16.0"
      },
      "funding": {
        "type": "individual",
        "url": "https://paulmillr.com/funding/"
      }
    },
    "node_modules/sass": {
      "version": "1.81.0",
      "resolved": "https://registry.anpm.alibaba-inc.com/sass/-/sass-1.81.0.tgz",
      "integrity": "sha512-Q4fOxRfhmv3sqCLoGfvrC9pRV8btc0UtqL9mN6Yrv6Qi9ScL55CVH1vlPP863ISLEEMNLLuu9P+enCeGHlnzhA==",
      "devOptional": true,
      "license": "MIT",
      "dependencies": {
        "chokidar": "^4.0.0",
        "immutable": "^5.0.2",
        "source-map-js": ">=0.6.2 <2.0.0"
      },
      "bin": {
        "sass": "sass.js"
      },
      "engines": {
        "node": ">=14.0.0"
      },
      "optionalDependencies": {
        "@parcel/watcher": "^2.4.1"
      }
    },
    "node_modules/scheduler": {
      "version": "0.23.2",
      "resolved": "https://registry.anpm.alibaba-inc.com/scheduler/-/scheduler-0.23.2.tgz",
      "integrity": "sha512-UOShsPwz7NrMUqhR6t0hWjFduvOzbtv7toDH1/hIrfRNIDBnnBWd0CwJTGvTpngVlmwGCdP9/Zl/tVrDqcuYzQ==",
      "license": "MIT",
      "dependencies": {
        "loose-envify": "^1.1.0"
      }
    },
    "node_modules/single-line-log": {
      "version": "1.1.2",
      "resolved": "https://registry.anpm.alibaba-inc.com/single-line-log/-/single-line-log-1.1.2.tgz",
      "integrity": "sha512-awzaaIPtYFdexLr6TBpcZSGPB6D1RInNO/qNetgaJloPDF/D0GkVtLvGEp8InfmLV7CyLyQ5fIRP+tVN/JmWQA==",
      "dev": true,
      "license": "MIT",
      "dependencies": {
        "string-width": "^1.0.1"
      }
    },
    "node_modules/source-map-js": {
      "version": "1.2.1",
      "resolved": "https://registry.anpm.alibaba-inc.com/source-map-js/-/source-map-js-1.2.1.tgz",
      "integrity": "sha512-UXWMKhLOwVKb728IUtQPXxfYU+usdybtUrK/8uGE8CQMvrhOpwvzDBwj0QhSL7MQc7vIsISBG8VQ8+IDQxpfQA==",
      "license": "BSD-3-Clause",
      "engines": {
        "node": ">=0.10.0"
      }
    },
    "node_modules/string-width": {
      "version": "1.0.2",
      "resolved": "https://registry.anpm.alibaba-inc.com/string-width/-/string-width-1.0.2.tgz",
      "integrity": "sha512-0XsVpQLnVCXHJfyEs8tC0zpTVIr5PKKsQtkT29IwupnPTjtPmQ3xT/4yCREF9hYkV/3M3kzcUTSAZT6a6h81tw==",
      "dev": true,
      "license": "MIT",
      "dependencies": {
        "code-point-at": "^1.0.0",
        "is-fullwidth-code-point": "^1.0.0",
        "strip-ansi": "^3.0.0"
      },
      "engines": {
        "node": ">=0.10.0"
      }
    },
    "node_modules/strip-ansi": {
      "version": "3.0.1",
      "resolved": "https://registry.anpm.alibaba-inc.com/strip-ansi/-/strip-ansi-3.0.1.tgz",
      "integrity": "sha512-VhumSSbBqDTP8p2ZLKj40UjBCV4+v8bUSEpUb4KjRgWk9pbqGF4REFj6KEagidb2f/M6AzC0EmFyDNGaw9OCzg==",
      "dev": true,
      "license": "MIT",
      "dependencies": {
        "ansi-regex": "^2.0.0"
      },
      "engines": {
        "node": ">=0.10.0"
      }
    },
    "node_modules/styled-jsx": {
      "version": "5.0.7",
      "resolved": "https://registry.anpm.alibaba-inc.com/styled-jsx/-/styled-jsx-5.0.7.tgz",
      "integrity": "sha512-b3sUzamS086YLRuvnaDigdAewz1/EFYlHpYBP5mZovKEdQQOIIYq8lApylub3HHZ6xFjV051kkGU7cudJmrXEA==",
      "license": "MIT",
      "engines": {
        "node": ">= 12.0.0"
      },
      "peerDependencies": {
        "react": ">= 16.8.0 || 17.x.x || ^18.0.0-0"
      },
      "peerDependenciesMeta": {
        "@babel/core": {
          "optional": true
        },
        "babel-plugin-macros": {
          "optional": true
        }
      }
    },
    "node_modules/sucrase": {
      "version": "3.35.1",
      "resolved": "https://registry.anpm.alibaba-inc.com/sucrase/-/sucrase-3.35.1.tgz",
      "integrity": "sha512-DhuTmvZWux4H1UOnWMB3sk0sbaCVOoQZjv8u1rDoTV0HTdGem9hkAZtl4JZy8P2z4Bg0nT+YMeOFyVr4zcG5Tw==",
      "dependencies": {
        "@jridgewell/gen-mapping": "^0.3.2",
        "commander": "^4.0.0",
        "lines-and-columns": "^1.1.6",
        "mz": "^2.7.0",
        "pirates": "^4.0.1",
        "tinyglobby": "^0.2.11",
        "ts-interface-checker": "^0.1.9"
      },
      "bin": {
        "sucrase": "bin/sucrase",
        "sucrase-node": "bin/sucrase-node"
      },
      "engines": {
        "node": ">=16 || 14 >=14.17"
      }
    },
    "node_modules/thenify": {
      "version": "3.3.1",
      "resolved": "https://registry.anpm.alibaba-inc.com/thenify/-/thenify-3.3.1.tgz",
      "integrity": "sha512-RVZSIV5IG10Hk3enotrhvz0T9em6cyHBLkH/YAZuKqd8hRkKhSfCGIcP2KUY0EPxndzANBmNllzWPwak+bheSw==",
      "dependencies": {
        "any-promise": "^1.0.0"
      }
    },
    "node_modules/thenify-all": {
      "version": "1.6.0",
      "resolved": "https://registry.anpm.alibaba-inc.com/thenify-all/-/thenify-all-1.6.0.tgz",
      "integrity": "sha512-RNxQH/qI8/t3thXJDwcstUO4zeqo64+Uy/+sNVRBx4Xn2OX+OZ9oP+iJnNFqplFra2ZUVeKCSa2oVWi3T4uVmA==",
      "dependencies": {
        "thenify": ">= 3.1.0 < 4"
      },
      "engines": {
        "node": ">=0.8"
      }
    },
    "node_modules/tinyglobby": {
      "version": "0.2.17",
      "resolved": "https://registry.anpm.alibaba-inc.com/tinyglobby/-/tinyglobby-0.2.17.tgz",
      "integrity": "sha512-wXR/dYpcqKmfWpEdZjiKJOwCNFndD0DMnrW/cYjVGttEkBfVgcLFHoNrlj47mjOVic9yyNu65alsgF4NQyTa2g==",
      "dependencies": {
        "fdir": "^6.5.0",
        "picomatch": "^4.0.4"
      },
      "engines": {
        "node": ">=12.0.0"
      }
    },
    "node_modules/tinyglobby/node_modules/fdir": {
      "version": "6.5.0",
      "resolved": "https://registry.anpm.alibaba-inc.com/fdir/-/fdir-6.5.0.tgz",
      "integrity": "sha512-tIbYtZbucOs0BRGqPJkshJUYdL+SDH7dVM8gjy+ERp3WAUjLEFJE+02kanyHtwjWOnwrKYBiwAmM0p4kLJAnXg==",
      "engines": {
        "node": ">=12.0.0"
      },
      "peerDependencies": {
        "picomatch": "^3 || ^4"
      },
      "peerDependenciesMeta": {
        "picomatch": {
          "optional": true
        }
      }
    },
    "node_modules/tinyglobby/node_modules/picomatch": {
      "version": "4.0.4",
      "resolved": "https://registry.anpm.alibaba-inc.com/picomatch/-/picomatch-4.0.4.tgz",
      "integrity": "sha512-QP88BAKvMam/3NxH6vj2o21R6MjxZUAd6nlwAS/pnGvN9IVLocLHxGYIzFhg6fUQ+5th6P4dv4eW9jX3DSIj7A==",
      "engines": {
        "node": ">=12"
      }
    },
    "node_modules/to-regex-range": {
      "version": "5.0.1",
      "resolved": "https://registry.anpm.alibaba-inc.com/to-regex-range/-/to-regex-range-5.0.1.tgz",
      "integrity": "sha512-65P7iz6X5yEr1cwcgvQxbbIw7Uk3gOy5dIdtZ4rDveLqhrdJP+Li/Hx6tyK0NEb+2GCyneCMJiGqrADCSNk8sQ==",
      "dev": true,
      "license": "MIT",
      "optional": true,
      "dependencies": {
        "is-number": "^7.0.0"
      },
      "engines": {
        "node": ">=8.0"
      }
    },
    "node_modules/ts-interface-checker": {
      "version": "0.1.13",
      "resolved": "https://registry.anpm.alibaba-inc.com/ts-interface-checker/-/ts-interface-checker-0.1.13.tgz",
      "integrity": "sha512-Y/arvbn+rrz3JCKl9C4kVNfTfSm2/mEp5FSz5EsZSANGPSlQrpRI5M4PKF+mJnE52jOO90PnPSc3Ur3bTQw0gA=="
    },
    "node_modules/tslib": {
      "version": "2.8.1",
      "resolved": "https://registry.anpm.alibaba-inc.com/tslib/-/tslib-2.8.1.tgz",
      "integrity": "sha512-oJFu94HQb+KVduSUQL7wnpmqnfmLsOA/nAh6b6EH0wCEoK0/mPeXU6c3wKDV83MkOuHPRHtSXKKU99IBazS/2w==",
      "license": "0BSD"
    },
    "node_modules/typescript": {
      "version": "6.0.3",
      "resolved": "https://registry.anpm.alibaba-inc.com/typescript/-/typescript-6.0.3.tgz",
      "integrity": "sha512-y2TvuxSZPDyQakkFRPZHKFm+KKVqIisdg9/CZwm9ftvKXLP8NRWj38/ODjNbr43SsoXqNuAisEf1GdCxqWcdBw==",
      "dev": true,
      "license": "Apache-2.0",
      "bin": {
        "tsc": "bin/tsc",
        "tsserver": "bin/tsserver"
      },
      "engines": {
        "node": ">=14.17"
      }
    },
    "node_modules/use-editable": {
      "version": "2.3.3",
      "resolved": "https://registry.anpm.alibaba-inc.com/use-editable/-/use-editable-2.3.3.tgz",
      "integrity": "sha512-7wVD2JbfAFJ3DK0vITvXBdpd9JAz5BcKAAolsnLBuBn6UDDwBGuCIAGvR3yA2BNKm578vAMVHFCWaOcA+BhhiA==",
      "peerDependencies": {
        "react": ">= 16.8.0"
      }
    },
    "node_modules/use-force-update": {
      "version": "1.0.11",
      "resolved": "https://registry.anpm.alibaba-inc.com/use-force-update/-/use-force-update-1.0.11.tgz",
      "integrity": "sha512-h4SICYgTJHon8w9dFIqdqR1Vrzdgl4YaRfRwhmAh01kBGljzTICanyfaFU8C4etuEfRdYpE+04XX2ZrEhOWKXQ==",
      "license": "MIT",
      "funding": {
        "type": "individual",
        "url": "https://github.com/sponsors/CharlesStover"
      },
      "peerDependencies": {
        "react": "^16.8.0 || ^17.0.0 || ^18.0.0"
      }
    },
    "node_modules/use-sync-external-store": {
      "version": "1.2.0",
      "resolved": "https://registry.anpm.alibaba-inc.com/use-sync-external-store/-/use-sync-external-store-1.2.0.tgz",
      "integrity": "sha512-eEgnFxGQ1Ife9bzYs6VLi8/4X6CObHMw9Qr9tPY43iKwsPw8xE8+EFsf/2cFZ5S3esXgpWgtSCtLNS41F+sKPA==",
      "license": "MIT",
      "peerDependencies": {
        "react": "^16.8.0 || ^17.0.0 || ^18.0.0"
      }
    }
  }
}
